
Microsoft Visual Studio Solution File, Format Version 12.00
# Visual Studio Version 16
VisualStudioVersion = 16.0.30204.135
MinimumVisualStudioVersion = 10.0.40219.1
Project("{FAE04EC0-301F-11D3-BF4B-00C04F79EFBC}") = "Abschussprojekt_wolf", "Abschussprojekt_wolf\Abschussprojekt_wolf.csproj", "{FA2FA8F9-969D-4183-9A8D-81304AC4DFF5}"
EndProject
Global
	GlobalSection(SolutionConfigurationPlatforms) = preSolution
		Debug|Any CPU = Debug|Any CPU
		Release|Any CPU = Release|Any CPU
	EndGlobalSection
	GlobalSection(ProjectConfigurationPlatforms) = postSolution
		{FA2FA8F9-969D-4183-9A8D-81304AC4DFF5}.Debug|Any CPU.ActiveCfg = Debug|Any CPU
		{FA2FA8F9-969D-4183-9A8D-81304AC4DFF5}.Debug|Any CPU.Build.0 = Debug|Any CPU
		{FA2FA8F9-969D-4183-9A8D-81304AC4DFF5}.Release|Any CPU.ActiveCfg = Release|Any CPU
		{FA2FA8F9-969D-4183-9A8D-81304AC4DFF5}.Release|Any CPU.Build.0 = Release|Any CPU
	EndGlobalSection
	GlobalSection(SolutionProperties) = preSolution
		HideSolutionNode = FALSE
	EndGlobalSection
	GlobalSection(ExtensibilityGlobals) = postSolution
		SolutionGuid = {1DD2CDB3-A6D2-4063-A5CB-87CF8A7D6F1E}
	EndGlobalSection
EndGlobal
